
Microsoft Visual Studio Solution File, Format Version 12.00
Project("{FAE04EC0-301F-11D3-BF4B-00C04F79EFBC}") = "ConsoleApp", "ConsoleApp\ConsoleApp.csproj", "{3C29B269-654D-4E7C-8952-E37AE8143A03}"
EndProject
Project("{FAE04EC0-301F-11D3-BF4B-00C04F79EFBC}") = "Entities", "Entities\Entities.csproj", "{96C8407D-AED2-4E75-A169-4509E22A107D}"
EndProject
Project("{FAE04EC0-301F-11D3-BF4B-00C04F79EFBC}") = "DataAccess.Interfaces", "DataAccess.Interfaces\DataAccess.Interfaces.csproj", "{C245586B-FBCA-4B1C-BC7F-B39A2AA808D0}"
EndProject
Project("{FAE04EC0-301F-11D3-BF4B-00C04F79EFBC}") = "DataAccess.PostgreSql", "DataAccess.PostgreSql\DataAccess.PostgreSql.csproj", "{48DBECC2-7323-4B5B-A90F-ABCFC67B7676}"
EndProject
Project("{FAE04EC0-301F-11D3-BF4B-00C04F79EFBC}") = "ConsoleApp.Controllers", "ConsoleApp.Controllers\ConsoleApp.Controllers.csproj", "{9205CA84-8120-4DC1-BAED-AB2A10B43FEF}"
EndProject
Project("{FAE04EC0-301F-11D3-BF4B-00C04F79EFBC}") = "DataAccess.Repositories.ConsoleApp.Interfaces", "DataAccess.Repositories.ConsoleApp.Interfaces\DataAccess.Repositories.ConsoleApp.Interfaces.csproj", "{CC7FEF84-5A49-45B0-A411-B29CCAC6095D}"
EndProject
Project("{FAE04EC0-301F-11D3-BF4B-00C04F79EFBC}") = "DomainModels", "DomainModels\DomainModels.csproj", "{AEF7FA4E-B68F-4E77-BF32-9FC7EA87573A}"
EndProject
Project("{2150E333-8FDC-42A3-9474-1A3956D46DE8}") = "ConsoleApp", "ConsoleApp", "{A8162F36-C1F5-49D3-A1DF-AFD41731DD31}"
EndProject
Project("{2150E333-8FDC-42A3-9474-1A3956D46DE8}") = "DataAccess", "DataAccess", "{C6E79B68-6AA6-463C-BF5A-5BCAAD2DAE23}"
EndProject
Project("{FAE04EC0-301F-11D3-BF4B-00C04F79EFBC}") = "DataAccess.Repositories.ConsoleApp", "DataAccess.Repositories.ConsoleApp\DataAccess.Repositories.ConsoleApp.csproj", "{C6048182-B025-4DB9-9DDF-D8EB9B724ED2}"
EndProject
Project("{FAE04EC0-301F-11D3-BF4B-00C04F79EFBC}") = "Services.Creators.Interfaces", "Services.Creators.Interfaces\Services.Creators.Interfaces.csproj", "{96DADF50-4E7D-4CA3-91D9-0EA54216FFDD}"
EndProject
Project("{FAE04EC0-301F-11D3-BF4B-00C04F79EFBC}") = "Services.Creators", "Services.Creators\Services.Creators.csproj", "{643FE37F-05DA-44A9-8AA9-3AE3DCDCB44C}"
EndProject
Project("{FAE04EC0-301F-11D3-BF4B-00C04F79EFBC}") = "Slicers", "Slicers\Slicers.csproj", "{AFCDB5E4-E553-41A3-B214-7EA814ECB21C}"
EndProject
Project("{FAE04EC0-301F-11D3-BF4B-00C04F79EFBC}") = "Slicers.Interfaces", "Slicers.Interfaces\Slicers.Interfaces.csproj", "{471873C0-4C6C-492B-9CD8-EDA956C499EE}"
EndProject
Project("{2150E333-8FDC-42A3-9474-1A3956D46DE8}") = "Services", "Services", "{38F2443F-CC39-46C9-8726-B0B78EEF73CB}"
EndProject
Project("{2150E333-8FDC-42A3-9474-1A3956D46DE8}") = "Slicers", "Slicers", "{C840F3E2-D5AE-4FB4-830A-9EBBD7900275}"
EndProject
Project("{FAE04EC0-301F-11D3-BF4B-00C04F79EFBC}") = "Utils", "Utils\Utils.csproj", "{26BE7CC1-98FF-48CE-BA8C-DEBE197080F7}"
EndProject
Project("{FAE04EC0-301F-11D3-BF4B-00C04F79EFBC}") = "Services.Validators", "Services.Validators\Services.Validators.csproj", "{330F9CD8-9A58-44D6-8676-072FA16DFF16}"
EndProject
Project("{FAE04EC0-301F-11D3-BF4B-00C04F79EFBC}") = "Services.Fixers", "Services.Fixers\Services.Fixers.csproj", "{9FA21B77-A9C1-44E2-B82C-6C986724642B}"
EndProject
Project("{FAE04EC0-301F-11D3-BF4B-00C04F79EFBC}") = "Services.Fixers.Interfaces", "Services.Fixers.Interfaces\Services.Fixers.Interfaces.csproj", "{1C225101-AF6F-4944-A88A-8706EEE916B7}"
EndProject
Project("{FAE04EC0-301F-11D3-BF4B-00C04F79EFBC}") = "Services.Validators.Interfaces", "Services.Validators.Interfaces\Services.Validators.Interfaces.csproj", "{B11C7849-1292-489D-BE41-AC6844D88CF5}"
EndProject
Project("{FAE04EC0-301F-11D3-BF4B-00C04F79EFBC}") = "Services.ValidateErrors", "Services.ValidateErrors\Services.ValidateErrors.csproj", "{D62D67B2-1502-42CD-BDCD-3A2F5FB6FA6B}"
EndProject
Project("{2150E333-8FDC-42A3-9474-1A3956D46DE8}") = "Creators", "Creators", "{4F6B2F9E-0FF6-4016-87A0-74E52CB1B2F6}"
EndProject
Project("{2150E333-8FDC-42A3-9474-1A3956D46DE8}") = "Fixers", "Fixers", "{8136FDCB-83F2-49DD-A8E6-BEF665DAC231}"
EndProject
Project("{2150E333-8FDC-42A3-9474-1A3956D46DE8}") = "Validators", "Validators", "{DA3E3C23-269F-4A5D-AAC6-77D77AD155B0}"
EndProject
Project("{FAE04EC0-301F-11D3-BF4B-00C04F79EFBC}") = "ConsoleApp.Controllers.Helpers", "ConsoleApp.Controllers.Helpers\ConsoleApp.Controllers.Helpers.csproj", "{8630E4AB-93B6-422C-8AF8-4DCA62056781}"
EndProject
Global
	GlobalSection(SolutionConfigurationPlatforms) = preSolution
		Debug|Any CPU = Debug|Any CPU
		Release|Any CPU = Release|Any CPU
	EndGlobalSection
	GlobalSection(ProjectConfigurationPlatforms) = postSolution
		{3C29B269-654D-4E7C-8952-E37AE8143A03}.Debug|Any CPU.ActiveCfg = Debug|Any CPU
		{3C29B269-654D-4E7C-8952-E37AE8143A03}.Debug|Any CPU.Build.0 = Debug|Any CPU
		{3C29B269-654D-4E7C-8952-E37AE8143A03}.Release|Any CPU.ActiveCfg = Release|Any CPU
		{3C29B269-654D-4E7C-8952-E37AE8143A03}.Release|Any CPU.Build.0 = Release|Any CPU
		{96C8407D-AED2-4E75-A169-4509E22A107D}.Debug|Any CPU.ActiveCfg = Debug|Any CPU
		{96C8407D-AED2-4E75-A169-4509E22A107D}.Debug|Any CPU.Build.0 = Debug|Any CPU
		{96C8407D-AED2-4E75-A169-4509E22A107D}.Release|Any CPU.ActiveCfg = Release|Any CPU
		{96C8407D-AED2-4E75-A169-4509E22A107D}.Release|Any CPU.Build.0 = Release|Any CPU
		{C245586B-FBCA-4B1C-BC7F-B39A2AA808D0}.Debug|Any CPU.ActiveCfg = Debug|Any CPU
		{C245586B-FBCA-4B1C-BC7F-B39A2AA808D0}.Debug|Any CPU.Build.0 = Debug|Any CPU
		{C245586B-FBCA-4B1C-BC7F-B39A2AA808D0}.Release|Any CPU.ActiveCfg = Release|Any CPU
		{C245586B-FBCA-4B1C-BC7F-B39A2AA808D0}.Release|Any CPU.Build.0 = Release|Any CPU
		{48DBECC2-7323-4B5B-A90F-ABCFC67B7676}.Debug|Any CPU.ActiveCfg = Debug|Any CPU
		{48DBECC2-7323-4B5B-A90F-ABCFC67B7676}.Debug|Any CPU.Build.0 = Debug|Any CPU
		{48DBECC2-7323-4B5B-A90F-ABCFC67B7676}.Release|Any CPU.ActiveCfg = Release|Any CPU
		{48DBECC2-7323-4B5B-A90F-ABCFC67B7676}.Release|Any CPU.Build.0 = Release|Any CPU
		{9205CA84-8120-4DC1-BAED-AB2A10B43FEF}.Debug|Any CPU.ActiveCfg = Debug|Any CPU
		{9205CA84-8120-4DC1-BAED-AB2A10B43FEF}.Debug|Any CPU.Build.0 = Debug|Any CPU
		{9205CA84-8120-4DC1-BAED-AB2A10B43FEF}.Release|Any CPU.ActiveCfg = Release|Any CPU
		{9205CA84-8120-4DC1-BAED-AB2A10B43FEF}.Release|Any CPU.Build.0 = Release|Any CPU
		{CC7FEF84-5A49-45B0-A411-B29CCAC6095D}.Debug|Any CPU.ActiveCfg = Debug|Any CPU
		{CC7FEF84-5A49-45B0-A411-B29CCAC6095D}.Debug|Any CPU.Build.0 = Debug|Any CPU
		{CC7FEF84-5A49-45B0-A411-B29CCAC6095D}.Release|Any CPU.ActiveCfg = Release|Any CPU
		{CC7FEF84-5A49-45B0-A411-B29CCAC6095D}.Release|Any CPU.Build.0 = Release|Any CPU
		{AEF7FA4E-B68F-4E77-BF32-9FC7EA87573A}.Debug|Any CPU.ActiveCfg = Debug|Any CPU
		{AEF7FA4E-B68F-4E77-BF32-9FC7EA87573A}.Debug|Any CPU.Build.0 = Debug|Any CPU
		{AEF7FA4E-B68F-4E77-BF32-9FC7EA87573A}.Release|Any CPU.ActiveCfg = Release|Any CPU
		{AEF7FA4E-B68F-4E77-BF32-9FC7EA87573A}.Release|Any CPU.Build.0 = Release|Any CPU
		{C6048182-B025-4DB9-9DDF-D8EB9B724ED2}.Debug|Any CPU.ActiveCfg = Debug|Any CPU
		{C6048182-B025-4DB9-9DDF-D8EB9B724ED2}.Debug|Any CPU.Build.0 = Debug|Any CPU
		{C6048182-B025-4DB9-9DDF-D8EB9B724ED2}.Release|Any CPU.ActiveCfg = Release|Any CPU
		{C6048182-B025-4DB9-9DDF-D8EB9B724ED2}.Release|Any CPU.Build.0 = Release|Any CPU
		{96DADF50-4E7D-4CA3-91D9-0EA54216FFDD}.Debug|Any CPU.ActiveCfg = Debug|Any CPU
		{96DADF50-4E7D-4CA3-91D9-0EA54216FFDD}.Debug|Any CPU.Build.0 = Debug|Any CPU
		{96DADF50-4E7D-4CA3-91D9-0EA54216FFDD}.Release|Any CPU.ActiveCfg = Release|Any CPU
		{96DADF50-4E7D-4CA3-91D9-0EA54216FFDD}.Release|Any CPU.Build.0 = Release|Any CPU
		{643FE37F-05DA-44A9-8AA9-3AE3DCDCB44C}.Debug|Any CPU.ActiveCfg = Debug|Any CPU
		{643FE37F-05DA-44A9-8AA9-3AE3DCDCB44C}.Debug|Any CPU.Build.0 = Debug|Any CPU
		{643FE37F-05DA-44A9-8AA9-3AE3DCDCB44C}.Release|Any CPU.ActiveCfg = Release|Any CPU
		{643FE37F-05DA-44A9-8AA9-3AE3DCDCB44C}.Release|Any CPU.Build.0 = Release|Any CPU
		{AFCDB5E4-E553-41A3-B214-7EA814ECB21C}.Debug|Any CPU.ActiveCfg = Debug|Any CPU
		{AFCDB5E4-E553-41A3-B214-7EA814ECB21C}.Debug|Any CPU.Build.0 = Debug|Any CPU
		{AFCDB5E4-E553-41A3-B214-7EA814ECB21C}.Release|Any CPU.ActiveCfg = Release|Any CPU
		{AFCDB5E4-E553-41A3-B214-7EA814ECB21C}.Release|Any CPU.Build.0 = Release|Any CPU
		{471873C0-4C6C-492B-9CD8-EDA956C499EE}.Debug|Any CPU.ActiveCfg = Debug|Any CPU
		{471873C0-4C6C-492B-9CD8-EDA956C499EE}.Debug|Any CPU.Build.0 = Debug|Any CPU
		{471873C0-4C6C-492B-9CD8-EDA956C499EE}.Release|Any CPU.ActiveCfg = Release|Any CPU
		{471873C0-4C6C-492B-9CD8-EDA956C499EE}.Release|Any CPU.Build.0 = Release|Any CPU
		{26BE7CC1-98FF-48CE-BA8C-DEBE197080F7}.Debug|Any CPU.ActiveCfg = Debug|Any CPU
		{26BE7CC1-98FF-48CE-BA8C-DEBE197080F7}.Debug|Any CPU.Build.0 = Debug|Any CPU
		{26BE7CC1-98FF-48CE-BA8C-DEBE197080F7}.Release|Any CPU.ActiveCfg = Release|Any CPU
		{26BE7CC1-98FF-48CE-BA8C-DEBE197080F7}.Release|Any CPU.Build.0 = Release|Any CPU
		{330F9CD8-9A58-44D6-8676-072FA16DFF16}.Debug|Any CPU.ActiveCfg = Debug|Any CPU
		{330F9CD8-9A58-44D6-8676-072FA16DFF16}.Debug|Any CPU.Build.0 = Debug|Any CPU
		{330F9CD8-9A58-44D6-8676-072FA16DFF16}.Release|Any CPU.ActiveCfg = Release|Any CPU
		{330F9CD8-9A58-44D6-8676-072FA16DFF16}.Release|Any CPU.Build.0 = Release|Any CPU
		{9FA21B77-A9C1-44E2-B82C-6C986724642B}.Debug|Any CPU.ActiveCfg = Debug|Any CPU
		{9FA21B77-A9C1-44E2-B82C-6C986724642B}.Debug|Any CPU.Build.0 = Debug|Any CPU
		{9FA21B77-A9C1-44E2-B82C-6C986724642B}.Release|Any CPU.ActiveCfg = Release|Any CPU
		{9FA21B77-A9C1-44E2-B82C-6C986724642B}.Release|Any CPU.Build.0 = Release|Any CPU
		{1C225101-AF6F-4944-A88A-8706EEE916B7}.Debug|Any CPU.ActiveCfg = Debug|Any CPU
		{1C225101-AF6F-4944-A88A-8706EEE916B7}.Debug|Any CPU.Build.0 = Debug|Any CPU
		{1C225101-AF6F-4944-A88A-8706EEE916B7}.Release|Any CPU.ActiveCfg = Release|Any CPU
		{1C225101-AF6F-4944-A88A-8706EEE916B7}.Release|Any CPU.Build.0 = Release|Any CPU
		{B11C7849-1292-489D-BE41-AC6844D88CF5}.Debug|Any CPU.ActiveCfg = Debug|Any CPU
		{B11C7849-1292-489D-BE41-AC6844D88CF5}.Debug|Any CPU.Build.0 = Debug|Any CPU
		{B11C7849-1292-489D-BE41-AC6844D88CF5}.Release|Any CPU.ActiveCfg = Release|Any CPU
		{B11C7849-1292-489D-BE41-AC6844D88CF5}.Release|Any CPU.Build.0 = Release|Any CPU
		{D62D67B2-1502-42CD-BDCD-3A2F5FB6FA6B}.Debug|Any CPU.ActiveCfg = Debug|Any CPU
		{D62D67B2-1502-42CD-BDCD-3A2F5FB6FA6B}.Debug|Any CPU.Build.0 = Debug|Any CPU
		{D62D67B2-1502-42CD-BDCD-3A2F5FB6FA6B}.Release|Any CPU.ActiveCfg = Release|Any CPU
		{D62D67B2-1502-42CD-BDCD-3A2F5FB6FA6B}.Release|Any CPU.Build.0 = Release|Any CPU
		{8630E4AB-93B6-422C-8AF8-4DCA62056781}.Debug|Any CPU.ActiveCfg = Debug|Any CPU
		{8630E4AB-93B6-422C-8AF8-4DCA62056781}.Debug|Any CPU.Build.0 = Debug|Any CPU
		{8630E4AB-93B6-422C-8AF8-4DCA62056781}.Release|Any CPU.ActiveCfg = Release|Any CPU
		{8630E4AB-93B6-422C-8AF8-4DCA62056781}.Release|Any CPU.Build.0 = Release|Any CPU
	EndGlobalSection
	GlobalSection(NestedProjects) = preSolution
		{3C29B269-654D-4E7C-8952-E37AE8143A03} = {A8162F36-C1F5-49D3-A1DF-AFD41731DD31}
		{9205CA84-8120-4DC1-BAED-AB2A10B43FEF} = {A8162F36-C1F5-49D3-A1DF-AFD41731DD31}
		{C245586B-FBCA-4B1C-BC7F-B39A2AA808D0} = {C6E79B68-6AA6-463C-BF5A-5BCAAD2DAE23}
		{48DBECC2-7323-4B5B-A90F-ABCFC67B7676} = {C6E79B68-6AA6-463C-BF5A-5BCAAD2DAE23}
		{96C8407D-AED2-4E75-A169-4509E22A107D} = {C6E79B68-6AA6-463C-BF5A-5BCAAD2DAE23}
		{CC7FEF84-5A49-45B0-A411-B29CCAC6095D} = {C6E79B68-6AA6-463C-BF5A-5BCAAD2DAE23}
		{C6048182-B025-4DB9-9DDF-D8EB9B724ED2} = {C6E79B68-6AA6-463C-BF5A-5BCAAD2DAE23}
		{471873C0-4C6C-492B-9CD8-EDA956C499EE} = {C840F3E2-D5AE-4FB4-830A-9EBBD7900275}
		{AFCDB5E4-E553-41A3-B214-7EA814ECB21C} = {C840F3E2-D5AE-4FB4-830A-9EBBD7900275}
		{4F6B2F9E-0FF6-4016-87A0-74E52CB1B2F6} = {38F2443F-CC39-46C9-8726-B0B78EEF73CB}
		{643FE37F-05DA-44A9-8AA9-3AE3DCDCB44C} = {4F6B2F9E-0FF6-4016-87A0-74E52CB1B2F6}
		{96DADF50-4E7D-4CA3-91D9-0EA54216FFDD} = {4F6B2F9E-0FF6-4016-87A0-74E52CB1B2F6}
		{8136FDCB-83F2-49DD-A8E6-BEF665DAC231} = {38F2443F-CC39-46C9-8726-B0B78EEF73CB}
		{9FA21B77-A9C1-44E2-B82C-6C986724642B} = {8136FDCB-83F2-49DD-A8E6-BEF665DAC231}
		{1C225101-AF6F-4944-A88A-8706EEE916B7} = {8136FDCB-83F2-49DD-A8E6-BEF665DAC231}
		{DA3E3C23-269F-4A5D-AAC6-77D77AD155B0} = {38F2443F-CC39-46C9-8726-B0B78EEF73CB}
		{D62D67B2-1502-42CD-BDCD-3A2F5FB6FA6B} = {DA3E3C23-269F-4A5D-AAC6-77D77AD155B0}
		{330F9CD8-9A58-44D6-8676-072FA16DFF16} = {DA3E3C23-269F-4A5D-AAC6-77D77AD155B0}
		{B11C7849-1292-489D-BE41-AC6844D88CF5} = {DA3E3C23-269F-4A5D-AAC6-77D77AD155B0}
		{8630E4AB-93B6-422C-8AF8-4DCA62056781} = {A8162F36-C1F5-49D3-A1DF-AFD41731DD31}
	EndGlobalSection
EndGlobal
